
Microsoft Visual Studio Solution File, Format Version 11.00
# Visual Studio 2010
Project("{FAE04EC0-301F-11D3-BF4B-00C04F79EFBC}") = "FredTheDead", "FredTheDead\FredTheDead.csproj", "{979B9681-ECAE-4542-BEB3-59E448B38E89}"
EndProject
Global
	GlobalSection(SolutionConfigurationPlatforms) = preSolution
		Debug|Any CPU = Debug|Any CPU
		Release|Any CPU = Release|Any CPU
		AppStore|Any CPU = AppStore|Any CPU
	EndGlobalSection
	GlobalSection(ProjectConfigurationPlatforms) = postSolution
		{979B9681-ECAE-4542-BEB3-59E448B38E89}.AppStore|Any CPU.ActiveCfg = AppStore|Any CPU
		{979B9681-ECAE-4542-BEB3-59E448B38E89}.AppStore|Any CPU.Build.0 = AppStore|Any CPU
		{979B9681-ECAE-4542-BEB3-59E448B38E89}.Debug|Any CPU.ActiveCfg = Debug|Any CPU
		{979B9681-ECAE-4542-BEB3-59E448B38E89}.Debug|Any CPU.Build.0 = Debug|Any CPU
		{979B9681-ECAE-4542-BEB3-59E448B38E89}.Release|Any CPU.ActiveCfg = Release|Any CPU
		{979B9681-ECAE-4542-BEB3-59E448B38E89}.Release|Any CPU.Build.0 = Release|Any CPU
	EndGlobalSection
	GlobalSection(MonoDevelopProperties) = preSolution
		StartupItem = FredTheDead\FredTheDead.csproj
	EndGlobalSection
EndGlobal
